
Microsoft Visual Studio Solution File, Format Version 12.00
# Visual Studio Version 16
VisualStudioVersion = 16.0.29709.97
MinimumVisualStudioVersion = 10.0.40219.1
Project("{FAE04EC0-301F-11D3-BF4B-00C04F79EFBC}") = "List calsswork", "List calsswork\List calsswork.csproj", "{02442665-1B31-485A-888D-B2B5F4516979}"
EndProject
Global
	GlobalSection(SolutionConfigurationPlatforms) = preSolution
		Debug|Any CPU = Debug|Any CPU
		Release|Any CPU = Release|Any CPU
	EndGlobalSection
	GlobalSection(ProjectConfigurationPlatforms) = postSolution
		{02442665-1B31-485A-888D-B2B5F4516979}.Debug|Any CPU.ActiveCfg = Debug|Any CPU
		{02442665-1B31-485A-888D-B2B5F4516979}.Debug|Any CPU.Build.0 = Debug|Any CPU
		{02442665-1B31-485A-888D-B2B5F4516979}.Release|Any CPU.ActiveCfg = Release|Any CPU
		{02442665-1B31-485A-888D-B2B5F4516979}.Release|Any CPU.Build.0 = Release|Any CPU
	EndGlobalSection
	GlobalSection(SolutionProperties) = preSolution
		HideSolutionNode = FALSE
	EndGlobalSection
	GlobalSection(ExtensibilityGlobals) = postSolution
		SolutionGuid = {C88D55BC-12E9-4D39-9918-26DFB8618A45}
	EndGlobalSection
EndGlobal
